# This file was autogenerated by Stack.
# You should not edit this file by hand.
# For more information, please see the documentation at:
#   https://docs.haskellstack.org/en/stable/lock_files

packages:
- completed:
    hackage: yaml-combinators-1.1.2.1@sha256:87e6c42a722471274a198a15145f5b0e7caea71a03526cd0ad54dee9a8135d27,1661
    pantry-tree:
      sha256: 4b7114d5fe8bad58ebf5ecd45a2059b3e77f8d65a02be27889e78f51ded6dbab
      size: 457
  original:
    hackage: yaml-combinators-1.1.2.1
snapshots:
- completed:
    sha256: c6274f9587d6bf40b6aaa7d1092684c37a2d8bb1e0df999ae0e2b755db15682d
    size: 720026
    url: https://raw.githubusercontent.com/commercialhaskell/stackage-snapshots/master/lts/22/37.yaml
  original: lts-22.37
